<?xml version="1.0" encoding="utf-8"?>
<Project ToolsVersion="4.0" xmlns="http://schemas.microsoft.com/developer/msbuild/2003">
  <ItemGroup>
    <Filter Include="Source Files">
      <UniqueIdentifier>{4FC737F1-C7A5-4376-A066-2A32D752A2FF}</UniqueIdentifier>
      <Extensions>cpp;c;cc;cxx;def;odl;idl;hpj;bat;asm;asmx</Extensions>
    </Filter>
    <Filter Include="Header Files">
      <UniqueIdentifier>{93995380-89BD-4b04-88EB-625FBE52EBFB}</UniqueIdentifier>
      <Extensions>h;hpp;hxx;hm;inl;inc;xsd</Extensions>
    </Filter>
    <Filter Include="Resource Files">
      <UniqueIdentifier>{67DA6AB6-F800-4c08-8B7A-83BB121AAD01}</UniqueIdentifier>
      <Extensions>rc;ico;cur;bmp;dlg;rc2;rct;bin;rgs;gif;jpg;jpeg;jpe;resx;tiff;tif;png;wav;mfcribbon-ms</Extensions>
    </Filter>
  </ItemGroup>
  <ItemGroup>
    <None Include="ReadMe.txt" />
    <None Include="small.ico">
      <Filter>Resource Files</Filter>
    </None>
    <None Include="spitonicxyspeedsynthvoroguiwin32.ico">
      <Filter>Resource Files</Filter>
    </None>
    <None Include="spitonic.licenseheader" />
  </ItemGroup>
  <ItemGroup>
    <ClInclude Include="stdafx.h">
      <Filter>Header Files</Filter>
    </ClInclude>
    <ClInclude Include="targetver.h">
      <Filter>Header Files</Filter>
    </ClInclude>
    <ClInclude Include="Resource.h">
      <Filter>Header Files</Filter>
    </ClInclude>
    <ClInclude Include="spitonicxyspeedsynthvoroguiwin32.h">
      <Filter>Header Files</Filter>
    </ClInclude>
    <ClInclude Include="ControlSwitcherTestSynth.h">
      <Filter>Header Files</Filter>
    </ClInclude>
    <ClInclude Include="BasicSynth.h">
      <Filter>Header Files</Filter>
    </ClInclude>
    <ClInclude Include="SimpleInstrumentSynth.h">
      <Filter>Header Files</Filter>
    </ClInclude>
    <ClInclude Include="StepSequencerSynth.h">
      <Filter>Header Files</Filter>
    </ClInclude>
    <ClInclude Include="EventsSynth.h">
      <Filter>Header Files</Filter>
    </ClInclude>
    <ClInclude Include="ArbitraryTableLookupSynth.h">
      <Filter>Header Files</Filter>
    </ClInclude>
    <ClInclude Include="BandlimitedOscillatorTestSynth.h">
      <Filter>Header Files</Filter>
    </ClInclude>
    <ClInclude Include="CompressorDuckingTestSynth.h">
      <Filter>Header Files</Filter>
    </ClInclude>
    <ClInclude Include="CompressorTestSynth.h">
      <Filter>Header Files</Filter>
    </ClInclude>
    <ClInclude Include="ControlSnapToScaleTestSynth.h">
      <Filter>Header Files</Filter>
    </ClInclude>
    <ClInclude Include="DelayTestSynth.h">
      <Filter>Header Files</Filter>
    </ClInclude>
    <ClInclude Include="FilteredNoiseSynth.h">
      <Filter>Header Files</Filter>
    </ClInclude>
    <ClInclude Include="FMDroneSynth.h">
      <Filter>Header Files</Filter>
    </ClInclude>
    <ClInclude Include="InputDemoSynth.h">
      <Filter>Header Files</Filter>
    </ClInclude>
    <ClInclude Include="LFNoiseTestSynth.h">
      <Filter>Header Files</Filter>
    </ClInclude>
    <ClInclude Include="ReverbTestSynth.h">
      <Filter>Header Files</Filter>
    </ClInclude>
    <ClInclude Include="SimpleStepSeqSynth.h">
      <Filter>Header Files</Filter>
    </ClInclude>
    <ClInclude Include="SineSumSynth.h">
      <Filter>Header Files</Filter>
    </ClInclude>
    <ClInclude Include="StereoDelayTestSynth.h">
      <Filter>Header Files</Filter>
    </ClInclude>
    <ClInclude Include="SynthsAsGeneratorsDemoSynth.h">
      <Filter>Header Files</Filter>
    </ClInclude>
    <ClInclude Include="XYSpeedSynth.h">
      <Filter>Header Files</Filter>
    </ClInclude>
    <ClInclude Include="ControlSwitcherExpSynth.h">
      <Filter>Header Files</Filter>
    </ClInclude>
    <ClInclude Include="CompressorExpSynth.h">
      <Filter>Header Files</Filter>
    </ClInclude>
    <ClInclude Include="StepSequencerExpSynth.h">
      <Filter>Header Files</Filter>
    </ClInclude>
    <ClInclude Include="EventsExpSynth.h">
      <Filter>Header Files</Filter>
    </ClInclude>
    <ClInclude Include="BufferPlayerExpSynth.h">
      <Filter>Header Files</Filter>
    </ClInclude>
    <ClInclude Include="StepSequencerBufferPlayerExpSynth.h">
      <Filter>Header Files</Filter>
    </ClInclude>
    <ClInclude Include="StepSequencerBufferPlayerEffectExpSynth.h">
      <Filter>Header Files</Filter>
    </ClInclude>
    <ClInclude Include="FilterExpSynth.h">
      <Filter>Header Files</Filter>
    </ClInclude>
    <ClInclude Include="ControlSnapToScaleExpSynth.h">
      <Filter>Header Files</Filter>
    </ClInclude>
    <ClInclude Include="DelayExpSynth.h">
      <Filter>Header Files</Filter>
    </ClInclude>
    <ClInclude Include="FMDroneExpSynth.h">
      <Filter>Header Files</Filter>
    </ClInclude>
    <ClInclude Include="SynthsAsGeneratorsExpSynth.h">
      <Filter>Header Files</Filter>
    </ClInclude>
    <ClInclude Include="BandlimitedOscillatorExpSynth.h">
      <Filter>Header Files</Filter>
    </ClInclude>
    <ClInclude Include="SimpleStepSequencerBufferPlayerSynth.h">
      <Filter>Header Files</Filter>
    </ClInclude>
    <ClInclude Include="EventsXznnSynth.h">
      <Filter>Header Files</Filter>
    </ClInclude>
    <ClInclude Include="EventsExpBufferPlayerSynth.h">
      <Filter>Header Files</Filter>
    </ClInclude>
    <ClInclude Include="..\lib-src\vorogui\c_pointset.h">
      <Filter>Header Files</Filter>
    </ClInclude>
    <ClInclude Include="..\lib-src\vorogui\c_vorogui.h">
      <Filter>Header Files</Filter>
    </ClInclude>
  </ItemGroup>
  <ItemGroup>
    <ClCompile Include="stdafx.cpp">
      <Filter>Source Files</Filter>
    </ClCompile>
    <ClCompile Include="spitonicxyspeedsynthvoroguiwin32.cpp">
      <Filter>Source Files</Filter>
    </ClCompile>
    <ClCompile Include="..\lib-src\vorogui\c_pointset.cpp">
      <Filter>Source Files</Filter>
    </ClCompile>
    <ClCompile Include="..\lib-src\vorogui\c_vorogui.cpp">
      <Filter>Source Files</Filter>
    </ClCompile>
  </ItemGroup>
  <ItemGroup>
    <ResourceCompile Include="spitonicxyspeedsynthvoroguiwin32.rc">
      <Filter>Resource Files</Filter>
    </ResourceCompile>
  </ItemGroup>
</Project>